
Microsoft Visual Studio Solution File, Format Version 12.00
# Visual Studio Version 17
VisualStudioVersion = 17.5.33414.496
MinimumVisualStudioVersion = 10.0.40219.1
Project("{2150E333-8FDC-42A3-9474-1A3956D46DE8}") = "Itens de Solução", "Itens de Solução", "{2360C4D0-1691-4858-89E0-F188D6E2DC36}"
	ProjectSection(SolutionItems) = preProject
		Stoog_Sort.cs = Stoog_Sort.cs
	EndProjectSection
EndProject
Global
	GlobalSection(SolutionProperties) = preSolution
		HideSolutionNode = FALSE
	EndGlobalSection
	GlobalSection(ExtensibilityGlobals) = postSolution
		SolutionGuid = {07D0E4F1-D1D9-483A-9366-DDCF375AB981}
	EndGlobalSection
EndGlobal
